
Microsoft Visual Studio Solution File, Format Version 12.00
# Visual Studio Version 16
VisualStudioVersion = 16.0.30011.22
MinimumVisualStudioVersion = 10.0.40219.1
Project("{FAE04EC0-301F-11D3-BF4B-00C04F79EFBC}") = "CSharp.Api", "CSharp.Api\CSharp.Api.csproj", "{014B7305-E8EF-4F96-880C-733B2C7EF669}"
EndProject
Project("{FAE04EC0-301F-11D3-BF4B-00C04F79EFBC}") = "CSharp.Data", "CSharp.Data\CSharp.Data.csproj", "{9F1BF542-D998-44A3-B116-2BCE9108BE88}"
EndProject
Global
	GlobalSection(SolutionConfigurationPlatforms) = preSolution
		Debug|Any CPU = Debug|Any CPU
		Release|Any CPU = Release|Any CPU
	EndGlobalSection
	GlobalSection(ProjectConfigurationPlatforms) = postSolution
		{014B7305-E8EF-4F96-880C-733B2C7EF669}.Debug|Any CPU.ActiveCfg = Debug|Any CPU
		{014B7305-E8EF-4F96-880C-733B2C7EF669}.Debug|Any CPU.Build.0 = Debug|Any CPU
		{014B7305-E8EF-4F96-880C-733B2C7EF669}.Release|Any CPU.ActiveCfg = Release|Any CPU
		{014B7305-E8EF-4F96-880C-733B2C7EF669}.Release|Any CPU.Build.0 = Release|Any CPU
		{9F1BF542-D998-44A3-B116-2BCE9108BE88}.Debug|Any CPU.ActiveCfg = Debug|Any CPU
		{9F1BF542-D998-44A3-B116-2BCE9108BE88}.Debug|Any CPU.Build.0 = Debug|Any CPU
		{9F1BF542-D998-44A3-B116-2BCE9108BE88}.Release|Any CPU.ActiveCfg = Release|Any CPU
		{9F1BF542-D998-44A3-B116-2BCE9108BE88}.Release|Any CPU.Build.0 = Release|Any CPU
	EndGlobalSection
	GlobalSection(SolutionProperties) = preSolution
		HideSolutionNode = FALSE
	EndGlobalSection
	GlobalSection(ExtensibilityGlobals) = postSolution
		SolutionGuid = {26384694-F588-4785-9A97-6C00FB72A4A5}
	EndGlobalSection
EndGlobal
